
Microsoft Visual Studio Solution File, Format Version 10.00
# Visual C# Express 2008
Project("{FAE04EC0-301F-11D3-BF4B-00C04F79EFBC}") = "FlashDevelop", "..\..\..\FlashDevelop\FlashDevelop.csproj", "{EFD07485-9A64-4EEC-94E7-ACBD4DA5CA93}"
EndProject
Project("{FAE04EC0-301F-11D3-BF4B-00C04F79EFBC}") = "PluginCore", "..\..\..\PluginCore\PluginCore.csproj", "{61885F70-B4DC-4B44-852D-5D6D03F2A734}"
EndProject
Project("{FAE04EC0-301F-11D3-BF4B-00C04F79EFBC}") = "MultiView", "MultiView.csproj", "{78101C01-E186-4954-B1DD-DEBB7905FAD8}"
EndProject
Project("{FAE04EC0-301F-11D3-BF4B-00C04F79EFBC}") = "ProjectManager", "..\..\Plugins\ProjectManager\ProjectManager.csproj", "{F8B74B18-89BC-4173-B3B6-E79BA888407B}"
EndProject
Project("{FAE04EC0-301F-11D3-BF4B-00C04F79EFBC}") = "ASCompletion", "..\..\Plugins\ASCompletion\ASCompletion.csproj", "{4EBF2653-9654-4E40-880E-0046B3D6210E}"
EndProject
Project("{FAE04EC0-301F-11D3-BF4B-00C04F79EFBC}") = "AS3Context", "..\..\Plugins\AS3Context\AS3Context.csproj", "{0263E5F6-D5B2-4118-B12E-87F9A74DE8AF}"
EndProject
Global
	GlobalSection(SolutionConfigurationPlatforms) = preSolution
		Debug|Any CPU = Debug|Any CPU
		Debug|x86 = Debug|x86
		Release|Any CPU = Release|Any CPU
		Release|x86 = Release|x86
	EndGlobalSection
	GlobalSection(ProjectConfigurationPlatforms) = postSolution
		{EFD07485-9A64-4EEC-94E7-ACBD4DA5CA93}.Debug|Any CPU.ActiveCfg = Debug|Any CPU
		{EFD07485-9A64-4EEC-94E7-ACBD4DA5CA93}.Debug|Any CPU.Build.0 = Debug|Any CPU
		{EFD07485-9A64-4EEC-94E7-ACBD4DA5CA93}.Debug|x86.ActiveCfg = Debug|x86
		{EFD07485-9A64-4EEC-94E7-ACBD4DA5CA93}.Debug|x86.Build.0 = Debug|x86
		{EFD07485-9A64-4EEC-94E7-ACBD4DA5CA93}.Release|Any CPU.ActiveCfg = Release|Any CPU
		{EFD07485-9A64-4EEC-94E7-ACBD4DA5CA93}.Release|x86.ActiveCfg = Release|x86
		{EFD07485-9A64-4EEC-94E7-ACBD4DA5CA93}.Release|x86.Build.0 = Release|x86
		{61885F70-B4DC-4B44-852D-5D6D03F2A734}.Debug|Any CPU.ActiveCfg = Debug|Any CPU
		{61885F70-B4DC-4B44-852D-5D6D03F2A734}.Debug|Any CPU.Build.0 = Debug|Any CPU
		{61885F70-B4DC-4B44-852D-5D6D03F2A734}.Debug|x86.ActiveCfg = Debug|x86
		{61885F70-B4DC-4B44-852D-5D6D03F2A734}.Debug|x86.Build.0 = Debug|x86
		{61885F70-B4DC-4B44-852D-5D6D03F2A734}.Release|Any CPU.ActiveCfg = Release|Any CPU
		{61885F70-B4DC-4B44-852D-5D6D03F2A734}.Release|x86.ActiveCfg = Release|x86
		{61885F70-B4DC-4B44-852D-5D6D03F2A734}.Release|x86.Build.0 = Release|x86
		{78101C01-E186-4954-B1DD-DEBB7905FAD8}.Debug|Any CPU.ActiveCfg = Debug|Any CPU
		{78101C01-E186-4954-B1DD-DEBB7905FAD8}.Debug|Any CPU.Build.0 = Debug|Any CPU
		{78101C01-E186-4954-B1DD-DEBB7905FAD8}.Debug|x86.ActiveCfg = Debug|x86
		{78101C01-E186-4954-B1DD-DEBB7905FAD8}.Debug|x86.Build.0 = Debug|x86
		{78101C01-E186-4954-B1DD-DEBB7905FAD8}.Release|Any CPU.ActiveCfg = Release|Any CPU
		{78101C01-E186-4954-B1DD-DEBB7905FAD8}.Release|Any CPU.Build.0 = Release|Any CPU
		{78101C01-E186-4954-B1DD-DEBB7905FAD8}.Release|x86.ActiveCfg = Release|x86
		{78101C01-E186-4954-B1DD-DEBB7905FAD8}.Release|x86.Build.0 = Release|x86
		{F8B74B18-89BC-4173-B3B6-E79BA888407B}.Debug|Any CPU.ActiveCfg = Debug|Any CPU
		{F8B74B18-89BC-4173-B3B6-E79BA888407B}.Debug|x86.ActiveCfg = Debug|x86
		{F8B74B18-89BC-4173-B3B6-E79BA888407B}.Debug|x86.Build.0 = Debug|x86
		{F8B74B18-89BC-4173-B3B6-E79BA888407B}.Release|Any CPU.ActiveCfg = Release|Any CPU
		{F8B74B18-89BC-4173-B3B6-E79BA888407B}.Release|x86.ActiveCfg = Release|x86
		{F8B74B18-89BC-4173-B3B6-E79BA888407B}.Release|x86.Build.0 = Release|x86
		{4EBF2653-9654-4E40-880E-0046B3D6210E}.Debug|Any CPU.ActiveCfg = Debug|Any CPU
		{4EBF2653-9654-4E40-880E-0046B3D6210E}.Debug|x86.ActiveCfg = Debug|x86
		{4EBF2653-9654-4E40-880E-0046B3D6210E}.Debug|x86.Build.0 = Debug|x86
		{4EBF2653-9654-4E40-880E-0046B3D6210E}.Release|Any CPU.ActiveCfg = Release|Any CPU
		{4EBF2653-9654-4E40-880E-0046B3D6210E}.Release|x86.ActiveCfg = Release|x86
		{4EBF2653-9654-4E40-880E-0046B3D6210E}.Release|x86.Build.0 = Release|x86
		{0263E5F6-D5B2-4118-B12E-87F9A74DE8AF}.Debug|Any CPU.ActiveCfg = Debug|Any CPU
		{0263E5F6-D5B2-4118-B12E-87F9A74DE8AF}.Debug|x86.ActiveCfg = Debug|x86
		{0263E5F6-D5B2-4118-B12E-87F9A74DE8AF}.Debug|x86.Build.0 = Debug|x86
		{0263E5F6-D5B2-4118-B12E-87F9A74DE8AF}.Release|Any CPU.ActiveCfg = Release|Any CPU
		{0263E5F6-D5B2-4118-B12E-87F9A74DE8AF}.Release|x86.ActiveCfg = Release|x86
		{0263E5F6-D5B2-4118-B12E-87F9A74DE8AF}.Release|x86.Build.0 = Release|x86
	EndGlobalSection
	GlobalSection(SolutionProperties) = preSolution
		HideSolutionNode = FALSE
	EndGlobalSection
EndGlobal
